
Microsoft Visual Studio Solution File, Format Version 11.00
# Visual Studio 2010
Project("{FAE04EC0-301F-11D3-BF4B-00C04F79EFBC}") = "Webflow", "Webflow\Webflow.csproj", "{52C1A486-1252-44E3-92E4-F2E49F040FA2}"
EndProject
Project("{FAE04EC0-301F-11D3-BF4B-00C04F79EFBC}") = "WebWizard", "WebWizard\WebWizard.csproj", "{5843aec9-81e8-49e9-8cdd-506808a077c4}"
EndProject
Global
	GlobalSection(SolutionConfigurationPlatforms) = preSolution
		Debug|Any CPU = Debug|Any CPU
		Release|Any CPU = Release|Any CPU
	EndGlobalSection
	GlobalSection(ProjectConfigurationPlatforms) = postSolution
		{52C1A486-1252-44E3-92E4-F2E49F040FA2}.Debug|Any CPU.ActiveCfg = Debug|Any CPU
		{52C1A486-1252-44E3-92E4-F2E49F040FA2}.Debug|Any CPU.Build.0 = Debug|Any CPU
		{52C1A486-1252-44E3-92E4-F2E49F040FA2}.Release|Any CPU.ActiveCfg = Release|Any CPU
		{52C1A486-1252-44E3-92E4-F2E49F040FA2}.Release|Any CPU.Build.0 = Release|Any CPU
		{5843AEC9-81E8-49E9-8CDD-506808A077C4}.Debug|Any CPU.ActiveCfg = Debug|Any CPU
		{5843AEC9-81E8-49E9-8CDD-506808A077C4}.Debug|Any CPU.Build.0 = Debug|Any CPU
		{5843AEC9-81E8-49E9-8CDD-506808A077C4}.Release|Any CPU.ActiveCfg = Release|Any CPU
		{5843AEC9-81E8-49E9-8CDD-506808A077C4}.Release|Any CPU.Build.0 = Release|Any CPU
	EndGlobalSection
	GlobalSection(SolutionProperties) = preSolution
		HideSolutionNode = FALSE
	EndGlobalSection
EndGlobal
